// !$*UTF8*$!
{
	archiveVersion = 1;
	classes = {
	};
	objectVersion = 55;
	objects = {

/* Begin PBXBuildFile section */
		254712DC28C6D5BE0049D952 /* Localizable.strings in Resources */ = {isa = PBXBuildFile; fileRef = 254712DE28C6D5BE0049D952 /* Localizable.strings */; };
		254712E228C6D94D0049D952 /* LocalizableViewController.swift in Sources */ = {isa = PBXBuildFile; fileRef = 254712E128C6D94D0049D952 /* LocalizableViewController.swift */; };
		254712E428C6DE7C0049D952 /* Localizable+Extension.swift in Sources */ = {isa = PBXBuildFile; fileRef = 254712E328C6DE7C0049D952 /* Localizable+Extension.swift */; };
		254712E728C6E0DC0049D952 /* InfoPlist.strings in Resources */ = {isa = PBXBuildFile; fileRef = 254712E928C6E0DC0049D952 /* InfoPlist.strings */; };
		254AC9AB28C05AFB000160C5 /* LottoViewController.swift in Sources */ = {isa = PBXBuildFile; fileRef = 254AC9AA28C05AFB000160C5 /* LottoViewController.swift */; };
		254AC9AD28C05C2F000160C5 /* LottoViewModel.swift in Sources */ = {isa = PBXBuildFile; fileRef = 254AC9AC28C05C2F000160C5 /* LottoViewModel.swift */; };
		254AC9AF28C1865E000160C5 /* GCDViewController.swift in Sources */ = {isa = PBXBuildFile; fileRef = 254AC9AE28C1865E000160C5 /* GCDViewController.swift */; };
		254DA60428BD94CD0041F856 /* AppDelegate.swift in Sources */ = {isa = PBXBuildFile; fileRef = 254DA60328BD94CD0041F856 /* AppDelegate.swift */; };
		254DA60628BD94CD0041F856 /* SceneDelegate.swift in Sources */ = {isa = PBXBuildFile; fileRef = 254DA60528BD94CD0041F856 /* SceneDelegate.swift */; };
		254DA60828BD94CD0041F856 /* ViewController.swift in Sources */ = {isa = PBXBuildFile; fileRef = 254DA60728BD94CD0041F856 /* ViewController.swift */; };
		254DA60B28BD94CD0041F856 /* Main.storyboard in Resources */ = {isa = PBXBuildFile; fileRef = 254DA60928BD94CD0041F856 /* Main.storyboard */; };
		254DA60D28BD94CF0041F856 /* Assets.xcassets in Resources */ = {isa = PBXBuildFile; fileRef = 254DA60C28BD94CF0041F856 /* Assets.xcassets */; };
		254DA61028BD94CF0041F856 /* LaunchScreen.storyboard in Resources */ = {isa = PBXBuildFile; fileRef = 254DA60E28BD94CF0041F856 /* LaunchScreen.storyboard */; };
		254DA61928BD94F60041F856 /* LottoAPIManager.swift in Sources */ = {isa = PBXBuildFile; fileRef = 254DA61828BD94F60041F856 /* LottoAPIManager.swift */; };
		254DA61B28BD9BB50041F856 /* LottoModel.swift in Sources */ = {isa = PBXBuildFile; fileRef = 254DA61A28BD9BB50041F856 /* LottoModel.swift */; };
		254DA61E28BDA7310041F856 /* PersonAPIManager.swift in Sources */ = {isa = PBXBuildFile; fileRef = 254DA61D28BDA7310041F856 /* PersonAPIManager.swift */; };
		254DA62028BDA8860041F856 /* PersonModel.swift in Sources */ = {isa = PBXBuildFile; fileRef = 254DA61F28BDA8860041F856 /* PersonModel.swift */; };
		254DA62328BDB7770041F856 /* URLSession+Extension.swift in Sources */ = {isa = PBXBuildFile; fileRef = 254DA62228BDB7770041F856 /* URLSession+Extension.swift */; };
		258576A328BEF8D5002361EB /* Observable.swift in Sources */ = {isa = PBXBuildFile; fileRef = 258576A228BEF8D5002361EB /* Observable.swift */; };
		258576A528BEFC17002361EB /* PersonViewModel.swift in Sources */ = {isa = PBXBuildFile; fileRef = 258576A428BEFC17002361EB /* PersonViewModel.swift */; };
		2587BD3A28C048D100D96A65 /* LoginViewController.swift in Sources */ = {isa = PBXBuildFile; fileRef = 2587BD3928C048D100D96A65 /* LoginViewController.swift */; };
		2587BD3D28C04A0800D96A65 /* LoginViewModel.swift in Sources */ = {isa = PBXBuildFile; fileRef = 2587BD3C28C04A0800D96A65 /* LoginViewModel.swift */; };
/* End PBXBuildFile section */

/* Begin PBXFileReference section */
		254712D428C6D0330049D952 /* ko */ = {isa = PBXFileReference; lastKnownFileType = text.plist.strings; name = ko; path = ko.lproj/Main.strings; sourceTree = "<group>"; };
		254712D528C6D0330049D952 /* ko */ = {isa = PBXFileReference; lastKnownFileType = text.plist.strings; name = ko; path = ko.lproj/LaunchScreen.strings; sourceTree = "<group>"; };
		254712D628C6D0A40049D952 /* ja */ = {isa = PBXFileReference; lastKnownFileType = text.plist.strings; name = ja; path = ja.lproj/Main.strings; sourceTree = "<group>"; };
		254712D728C6D0A40049D952 /* ja */ = {isa = PBXFileReference; lastKnownFileType = text.plist.strings; name = ja; path = ja.lproj/LaunchScreen.strings; sourceTree = "<group>"; };
		254712D928C6D1A40049D952 /* en */ = {isa = PBXFileReference; lastKnownFileType = text.plist.strings; name = en; path = en.lproj/Main.strings; sourceTree = "<group>"; };
		254712DD28C6D5BE0049D952 /* en */ = {isa = PBXFileReference; lastKnownFileType = text.plist.strings; name = en; path = en.lproj/Localizable.strings; sourceTree = "<group>"; };
		254712DF28C6D5BF0049D952 /* ja */ = {isa = PBXFileReference; lastKnownFileType = text.plist.strings; name = ja; path = ja.lproj/Localizable.strings; sourceTree = "<group>"; };
		254712E028C6D5BF0049D952 /* ko */ = {isa = PBXFileReference; lastKnownFileType = text.plist.strings; name = ko; path = ko.lproj/Localizable.strings; sourceTree = "<group>"; };
		254712E128C6D94D0049D952 /* LocalizableViewController.swift */ = {isa = PBXFileReference; lastKnownFileType = sourcecode.swift; path = LocalizableViewController.swift; sourceTree = "<group>"; };
		254712E328C6DE7C0049D952 /* Localizable+Extension.swift */ = {isa = PBXFileReference; lastKnownFileType = sourcecode.swift; path = "Localizable+Extension.swift"; sourceTree = "<group>"; };
		254712E828C6E0DC0049D952 /* en */ = {isa = PBXFileReference; lastKnownFileType = text.plist.strings; name = en; path = en.lproj/InfoPlist.strings; sourceTree = "<group>"; };
		254712EA28C6E0DD0049D952 /* ja */ = {isa = PBXFileReference; lastKnownFileType = text.plist.strings; name = ja; path = ja.lproj/InfoPlist.strings; sourceTree = "<group>"; };
		254712EB28C6E0DE0049D952 /* ko */ = {isa = PBXFileReference; lastKnownFileType = text.plist.strings; name = ko; path = ko.lproj/InfoPlist.strings; sourceTree = "<group>"; };
		254AC9AA28C05AFB000160C5 /* LottoViewController.swift */ = {isa = PBXFileReference; lastKnownFileType = sourcecode.swift; path = LottoViewController.swift; sourceTree = "<group>"; };
		254AC9AC28C05C2F000160C5 /* LottoViewModel.swift */ = {isa = PBXFileReference; lastKnownFileType = sourcecode.swift; path = LottoViewModel.swift; sourceTree = "<group>"; };
		254AC9AE28C1865E000160C5 /* GCDViewController.swift */ = {isa = PBXFileReference; lastKnownFileType = sourcecode.swift; path = GCDViewController.swift; sourceTree = "<group>"; };
		254DA60028BD94CD0041F856 /* SeSac2Week9.app */ = {isa = PBXFileReference; explicitFileType = wrapper.application; includeInIndex = 0; path = SeSac2Week9.app; sourceTree = BUILT_PRODUCTS_DIR; };
		254DA60328BD94CD0041F856 /* AppDelegate.swift */ = {isa = PBXFileReference; lastKnownFileType = sourcecode.swift; path = AppDelegate.swift; sourceTree = "<group>"; };
		254DA60528BD94CD0041F856 /* SceneDelegate.swift */ = {isa = PBXFileReference; lastKnownFileType = sourcecode.swift; path = SceneDelegate.swift; sourceTree = "<group>"; };
		254DA60728BD94CD0041F856 /* ViewController.swift */ = {isa = PBXFileReference; lastKnownFileType = sourcecode.swift; path = ViewController.swift; sourceTree = "<group>"; };
		254DA60A28BD94CD0041F856 /* Base */ = {isa = PBXFileReference; lastKnownFileType = file.storyboard; name = Base; path = Base.lproj/Main.storyboard; sourceTree = "<group>"; };
		254DA60C28BD94CF0041F856 /* Assets.xcassets */ = {isa = PBXFileReference; lastKnownFileType = folder.assetcatalog; path = Assets.xcassets; sourceTree = "<group>"; };
		254DA60F28BD94CF0041F856 /* Base */ = {isa = PBXFileReference; lastKnownFileType = file.storyboard; name = Base; path = Base.lproj/LaunchScreen.storyboard; sourceTree = "<group>"; };
		254DA61128BD94CF0041F856 /* Info.plist */ = {isa = PBXFileReference; lastKnownFileType = text.plist.xml; path = Info.plist; sourceTree = "<group>"; };
		254DA61828BD94F60041F856 /* LottoAPIManager.swift */ = {isa = PBXFileReference; lastKnownFileType = sourcecode.swift; path = LottoAPIManager.swift; sourceTree = "<group>"; };
		254DA61A28BD9BB50041F856 /* LottoModel.swift */ = {isa = PBXFileReference; lastKnownFileType = sourcecode.swift; path = LottoModel.swift; sourceTree = "<group>"; };
		254DA61D28BDA7310041F856 /* PersonAPIManager.swift */ = {isa = PBXFileReference; lastKnownFileType = sourcecode.swift; path = PersonAPIManager.swift; sourceTree = "<group>"; };
		254DA61F28BDA8860041F856 /* PersonModel.swift */ = {isa = PBXFileReference; lastKnownFileType = sourcecode.swift; path = PersonModel.swift; sourceTree = "<group>"; };
		254DA62228BDB7770041F856 /* URLSession+Extension.swift */ = {isa = PBXFileReference; lastKnownFileType = sourcecode.swift; path = "URLSession+Extension.swift"; sourceTree = "<group>"; };
		258576A228BEF8D5002361EB /* Observable.swift */ = {isa = PBXFileReference; lastKnownFileType = sourcecode.swift; path = Observable.swift; sourceTree = "<group>"; };
		258576A428BEFC17002361EB /* PersonViewModel.swift */ = {isa = PBXFileReference; lastKnownFileType = sourcecode.swift; path = PersonViewModel.swift; sourceTree = "<group>"; };
		2587BD3928C048D100D96A65 /* LoginViewController.swift */ = {isa = PBXFileReference; lastKnownFileType = sourcecode.swift; path = LoginViewController.swift; sourceTree = "<group>"; };
		2587BD3C28C04A0800D96A65 /* LoginViewModel.swift */ = {isa = PBXFileReference; lastKnownFileType = sourcecode.swift; path = LoginViewModel.swift; sourceTree = "<group>"; };
/* End PBXFileReference section */

/* Begin PBXFrameworksBuildPhase section */
		254DA5FD28BD94CD0041F856 /* Frameworks */ = {
			isa = PBXFrameworksBuildPhase;
			buildActionMask = 2147483647;
			files = (
			);
			runOnlyForDeploymentPostprocessing = 0;
		};
/* End PBXFrameworksBuildPhase section */

/* Begin PBXGroup section */
		254DA5F728BD94CD0041F856 = {
			isa = PBXGroup;
			children = (
				254DA60228BD94CD0041F856 /* SeSac2Week9 */,
				254DA60128BD94CD0041F856 /* Products */,
			);
			sourceTree = "<group>";
		};
		254DA60128BD94CD0041F856 /* Products */ = {
			isa = PBXGroup;
			children = (
				254DA60028BD94CD0041F856 /* SeSac2Week9.app */,
			);
			name = Products;
			sourceTree = "<group>";
		};
		254DA60228BD94CD0041F856 /* SeSac2Week9 */ = {
			isa = PBXGroup;
			children = (
				2587BD3B28C049F200D96A65 /* Login */,
				254DA62128BDB75F0041F856 /* Extension */,
				254DA61C28BDA7190041F856 /* Person */,
				254DA61728BD94E70041F856 /* Lotto */,
				254DA60328BD94CD0041F856 /* AppDelegate.swift */,
				254DA60528BD94CD0041F856 /* SceneDelegate.swift */,
				254DA60728BD94CD0041F856 /* ViewController.swift */,
				254DA60928BD94CD0041F856 /* Main.storyboard */,
				254712E128C6D94D0049D952 /* LocalizableViewController.swift */,
				254712E328C6DE7C0049D952 /* Localizable+Extension.swift */,
				254AC9AE28C1865E000160C5 /* GCDViewController.swift */,
				254DA60C28BD94CF0041F856 /* Assets.xcassets */,
				254DA60E28BD94CF0041F856 /* LaunchScreen.storyboard */,
				254DA61128BD94CF0041F856 /* Info.plist */,
				258576A228BEF8D5002361EB /* Observable.swift */,
				254712DE28C6D5BE0049D952 /* Localizable.strings */,
				254712E928C6E0DC0049D952 /* InfoPlist.strings */,
			);
			path = SeSac2Week9;
			sourceTree = "<group>";
		};
		254DA61728BD94E70041F856 /* Lotto */ = {
			isa = PBXGroup;
			children = (
				254DA61828BD94F60041F856 /* LottoAPIManager.swift */,
				254DA61A28BD9BB50041F856 /* LottoModel.swift */,
				254AC9AA28C05AFB000160C5 /* LottoViewController.swift */,
				254AC9AC28C05C2F000160C5 /* LottoViewModel.swift */,
			);
			path = Lotto;
			sourceTree = "<group>";
		};
		254DA61C28BDA7190041F856 /* Person */ = {
			isa = PBXGroup;
			children = (
				254DA61D28BDA7310041F856 /* PersonAPIManager.swift */,
				254DA61F28BDA8860041F856 /* PersonModel.swift */,
				258576A428BEFC17002361EB /* PersonViewModel.swift */,
			);
			path = Person;
			sourceTree = "<group>";
		};
		254DA62128BDB75F0041F856 /* Extension */ = {
			isa = PBXGroup;
			children = (
				254DA62228BDB7770041F856 /* URLSession+Extension.swift */,
			);
			path = Extension;
			sourceTree = "<group>";
		};
		2587BD3B28C049F200D96A65 /* Login */ = {
			isa = PBXGroup;
			children = (
				2587BD3C28C04A0800D96A65 /* LoginViewModel.swift */,
				2587BD3928C048D100D96A65 /* LoginViewController.swift */,
			);
			path = Login;
			sourceTree = "<group>";
		};
/* End PBXGroup section */

/* Begin PBXNativeTarget section */
		254DA5FF28BD94CD0041F856 /* SeSac2Week9 */ = {
			isa = PBXNativeTarget;
			buildConfigurationList = 254DA61428BD94CF0041F856 /* Build configuration list for PBXNativeTarget "SeSac2Week9" */;
			buildPhases = (
				254DA5FC28BD94CD0041F856 /* Sources */,
				254DA5FD28BD94CD0041F856 /* Frameworks */,
				254DA5FE28BD94CD0041F856 /* Resources */,
			);
			buildRules = (
			);
			dependencies = (
			);
			name = SeSac2Week9;
			productName = SeSac2Week9;
			productReference = 254DA60028BD94CD0041F856 /* SeSac2Week9.app */;
			productType = "com.apple.product-type.application";
		};
/* End PBXNativeTarget section */

/* Begin PBXProject section */
		254DA5F828BD94CD0041F856 /* Project object */ = {
			isa = PBXProject;
			attributes = {
				BuildIndependentTargetsInParallel = 1;
				LastSwiftUpdateCheck = 1340;
				LastUpgradeCheck = 1340;
				TargetAttributes = {
					254DA5FF28BD94CD0041F856 = {
						CreatedOnToolsVersion = 13.4.1;
					};
				};
			};
			buildConfigurationList = 254DA5FB28BD94CD0041F856 /* Build configuration list for PBXProject "SeSac2Week9" */;
			compatibilityVersion = "Xcode 13.0";
			developmentRegion = en;
			hasScannedForEncodings = 0;
			knownRegions = (
				en,
				Base,
				ko,
				ja,
			);
			mainGroup = 254DA5F728BD94CD0041F856;
			productRefGroup = 254DA60128BD94CD0041F856 /* Products */;
			projectDirPath = "";
			projectRoot = "";
			targets = (
				254DA5FF28BD94CD0041F856 /* SeSac2Week9 */,
			);
		};
/* End PBXProject section */

/* Begin PBXResourcesBuildPhase section */
		254DA5FE28BD94CD0041F856 /* Resources */ = {
			isa = PBXResourcesBuildPhase;
			buildActionMask = 2147483647;
			files = (
				254DA61028BD94CF0041F856 /* LaunchScreen.storyboard in Resources */,
				254712DC28C6D5BE0049D952 /* Localizable.strings in Resources */,
				254DA60D28BD94CF0041F856 /* Assets.xcassets in Resources */,
				254DA60B28BD94CD0041F856 /* Main.storyboard in Resources */,
				254712E728C6E0DC0049D952 /* InfoPlist.strings in Resources */,
			);
			runOnlyForDeploymentPostprocessing = 0;
		};
/* End PBXResourcesBuildPhase section */

/* Begin PBXSourcesBuildPhase section */
		254DA5FC28BD94CD0041F856 /* Sources */ = {
			isa = PBXSourcesBuildPhase;
			buildActionMask = 2147483647;
			files = (
				254DA60828BD94CD0041F856 /* ViewController.swift in Sources */,
				254AC9AD28C05C2F000160C5 /* LottoViewModel.swift in Sources */,
				258576A528BEFC17002361EB /* PersonViewModel.swift in Sources */,
				254DA62028BDA8860041F856 /* PersonModel.swift in Sources */,
				254DA60428BD94CD0041F856 /* AppDelegate.swift in Sources */,
				254DA61B28BD9BB50041F856 /* LottoModel.swift in Sources */,
				254712E428C6DE7C0049D952 /* Localizable+Extension.swift in Sources */,
				258576A328BEF8D5002361EB /* Observable.swift in Sources */,
				254DA62328BDB7770041F856 /* URLSession+Extension.swift in Sources */,
				254DA61E28BDA7310041F856 /* PersonAPIManager.swift in Sources */,
				2587BD3D28C04A0800D96A65 /* LoginViewModel.swift in Sources */,
				254DA60628BD94CD0041F856 /* SceneDelegate.swift in Sources */,
				254712E228C6D94D0049D952 /* LocalizableViewController.swift in Sources */,
				254AC9AF28C1865E000160C5 /* GCDViewController.swift in Sources */,
				254DA61928BD94F60041F856 /* LottoAPIManager.swift in Sources */,
				254AC9AB28C05AFB000160C5 /* LottoViewController.swift in Sources */,
				2587BD3A28C048D100D96A65 /* LoginViewController.swift in Sources */,
			);
			runOnlyForDeploymentPostprocessing = 0;
		};
/* End PBXSourcesBuildPhase section */

/* Begin PBXVariantGroup section */
		254712DE28C6D5BE0049D952 /* Localizable.strings */ = {
			isa = PBXVariantGroup;
			children = (
				254712DD28C6D5BE0049D952 /* en */,
				254712DF28C6D5BF0049D952 /* ja */,
				254712E028C6D5BF0049D952 /* ko */,
			);
			name = Localizable.strings;
			sourceTree = "<group>";
		};
		254712E928C6E0DC0049D952 /* InfoPlist.strings */ = {
			isa = PBXVariantGroup;
			children = (
				254712E828C6E0DC0049D952 /* en */,
				254712EA28C6E0DD0049D952 /* ja */,
				254712EB28C6E0DE0049D952 /* ko */,
			);
			name = InfoPlist.strings;
			sourceTree = "<group>";
		};
		254DA60928BD94CD0041F856 /* Main.storyboard */ = {
			isa = PBXVariantGroup;
			children = (
				254DA60A28BD94CD0041F856 /* Base */,
				254712D428C6D0330049D952 /* ko */,
				254712D628C6D0A40049D952 /* ja */,
				254712D928C6D1A40049D952 /* en */,
			);
			name = Main.storyboard;
			sourceTree = "<group>";
		};
		254DA60E28BD94CF0041F856 /* LaunchScreen.storyboard */ = {
			isa = PBXVariantGroup;
			children = (
				254DA60F28BD94CF0041F856 /* Base */,
				254712D528C6D0330049D952 /* ko */,
				254712D728C6D0A40049D952 /* ja */,
			);
			name = LaunchScreen.storyboard;
			sourceTree = "<group>";
		};
/* End PBXVariantGroup section */

/* Begin XCBuildConfiguration section */
		254DA61228BD94CF0041F856 /* Debug */ = {
			isa = XCBuildConfiguration;
			buildSettings = {
				ALWAYS_SEARCH_USER_PATHS = NO;
				CLANG_ANALYZER_LOCALIZABILITY_NONLOCALIZED = YES;
				CLANG_ANALYZER_NONNULL = YES;
				CLANG_ANALYZER_NUMBER_OBJECT_CONVERSION = YES_AGGRESSIVE;
				CLANG_CXX_LANGUAGE_STANDARD = "gnu++17";
				CLANG_ENABLE_MODULES = YES;
				CLANG_ENABLE_OBJC_ARC = YES;
				CLANG_ENABLE_OBJC_WEAK = YES;
				CLANG_WARN_BLOCK_CAPTURE_AUTORELEASING = YES;
				CLANG_WARN_BOOL_CONVERSION = YES;
				CLANG_WARN_COMMA = YES;
				CLANG_WARN_CONSTANT_CONVERSION = YES;
				CLANG_WARN_DEPRECATED_OBJC_IMPLEMENTATIONS = YES;
				CLANG_WARN_DIRECT_OBJC_ISA_USAGE = YES_ERROR;
				CLANG_WARN_DOCUMENTATION_COMMENTS = YES;
				CLANG_WARN_EMPTY_BODY = YES;
				CLANG_WARN_ENUM_CONVERSION = YES;
				CLANG_WARN_INFINITE_RECURSION = YES;
				CLANG_WARN_INT_CONVERSION = YES;
				CLANG_WARN_NON_LITERAL_NULL_CONVERSION = YES;
				CLANG_WARN_OBJC_IMPLICIT_RETAIN_SELF = YES;
				CLANG_WARN_OBJC_LITERAL_CONVERSION = YES;
				CLANG_WARN_OBJC_ROOT_CLASS = YES_ERROR;
				CLANG_WARN_QUOTED_INCLUDE_IN_FRAMEWORK_HEADER = YES;
				CLANG_WARN_RANGE_LOOP_ANALYSIS = YES;
				CLANG_WARN_STRICT_PROTOTYPES = YES;
				CLANG_WARN_SUSPICIOUS_MOVE = YES;
				CLANG_WARN_UNGUARDED_AVAILABILITY = YES_AGGRESSIVE;
				CLANG_WARN_UNREACHABLE_CODE = YES;
				CLANG_WARN__DUPLICATE_METHOD_MATCH = YES;
				COPY_PHASE_STRIP = NO;
				DEBUG_INFORMATION_FORMAT = dwarf;
				ENABLE_STRICT_OBJC_MSGSEND = YES;
				ENABLE_TESTABILITY = YES;
				GCC_C_LANGUAGE_STANDARD = gnu11;
				GCC_DYNAMIC_NO_PIC = NO;
				GCC_NO_COMMON_BLOCKS = YES;
				GCC_OPTIMIZATION_LEVEL = 0;
				GCC_PREPROCESSOR_DEFINITIONS = (
					"DEBUG=1",
					"$(inherited)",
				);
				GCC_WARN_64_TO_32_BIT_CONVERSION = YES;
				GCC_WARN_ABOUT_RETURN_TYPE = YES_ERROR;
				GCC_WARN_UNDECLARED_SELECTOR = YES;
				GCC_WARN_UNINITIALIZED_AUTOS = YES_AGGRESSIVE;
				GCC_WARN_UNUSED_FUNCTION = YES;
				GCC_WARN_UNUSED_VARIABLE = YES;
				IPHONEOS_DEPLOYMENT_TARGET = 15.5;
				MTL_ENABLE_DEBUG_INFO = INCLUDE_SOURCE;
				MTL_FAST_MATH = YES;
				ONLY_ACTIVE_ARCH = YES;
				SDKROOT = iphoneos;
				SWIFT_ACTIVE_COMPILATION_CONDITIONS = DEBUG;
				SWIFT_OPTIMIZATION_LEVEL = "-Onone";
			};
			name = Debug;
		};
		254DA61328BD94CF0041F856 /* Release */ = {
			isa = XCBuildConfiguration;
			buildSettings = {
				ALWAYS_SEARCH_USER_PATHS = NO;
				CLANG_ANALYZER_LOCALIZABILITY_NONLOCALIZED = YES;
				CLANG_ANALYZER_NONNULL = YES;
				CLANG_ANALYZER_NUMBER_OBJECT_CONVERSION = YES_AGGRESSIVE;
				CLANG_CXX_LANGUAGE_STANDARD = "gnu++17";
				CLANG_ENABLE_MODULES = YES;
				CLANG_ENABLE_OBJC_ARC = YES;
				CLANG_ENABLE_OBJC_WEAK = YES;
				CLANG_WARN_BLOCK_CAPTURE_AUTORELEASING = YES;
				CLANG_WARN_BOOL_CONVERSION = YES;
				CLANG_WARN_COMMA = YES;
				CLANG_WARN_CONSTANT_CONVERSION = YES;
				CLANG_WARN_DEPRECATED_OBJC_IMPLEMENTATIONS = YES;
				CLANG_WARN_DIRECT_OBJC_ISA_USAGE = YES_ERROR;
				CLANG_WARN_DOCUMENTATION_COMMENTS = YES;
				CLANG_WARN_EMPTY_BODY = YES;
				CLANG_WARN_ENUM_CONVERSION = YES;
				CLANG_WARN_INFINITE_RECURSION = YES;
				CLANG_WARN_INT_CONVERSION = YES;
				CLANG_WARN_NON_LITERAL_NULL_CONVERSION = YES;
				CLANG_WARN_OBJC_IMPLICIT_RETAIN_SELF = YES;
				CLANG_WARN_OBJC_LITERAL_CONVERSION = YES;
				CLANG_WARN_OBJC_ROOT_CLASS = YES_ERROR;
				CLANG_WARN_QUOTED_INCLUDE_IN_FRAMEWORK_HEADER = YES;
				CLANG_WARN_RANGE_LOOP_ANALYSIS = YES;
				CLANG_WARN_STRICT_PROTOTYPES = YES;
				CLANG_WARN_SUSPICIOUS_MOVE = YES;
				CLANG_WARN_UNGUARDED_AVAILABILITY = YES_AGGRESSIVE;
				CLANG_WARN_UNREACHABLE_CODE = YES;
				CLANG_WARN__DUPLICATE_METHOD_MATCH = YES;
				COPY_PHASE_STRIP = NO;
				DEBUG_INFORMATION_FORMAT = "dwarf-with-dsym";
				ENABLE_NS_ASSERTIONS = NO;
				ENABLE_STRICT_OBJC_MSGSEND = YES;
				GCC_C_LANGUAGE_STANDARD = gnu11;
				GCC_NO_COMMON_BLOCKS = YES;
				GCC_WARN_64_TO_32_BIT_CONVERSION = YES;
				GCC_WARN_ABOUT_RETURN_TYPE = YES_ERROR;
				GCC_WARN_UNDECLARED_SELECTOR = YES;
				GCC_WARN_UNINITIALIZED_AUTOS = YES_AGGRESSIVE;
				GCC_WARN_UNUSED_FUNCTION = YES;
				GCC_WARN_UNUSED_VARIABLE = YES;
				IPHONEOS_DEPLOYMENT_TARGET = 15.5;
				MTL_ENABLE_DEBUG_INFO = NO;
				MTL_FAST_MATH = YES;
				SDKROOT = iphoneos;
				SWIFT_COMPILATION_MODE = wholemodule;
				SWIFT_OPTIMIZATION_LEVEL = "-O";
				VALIDATE_PRODUCT = YES;
			};
			name = Release;
		};
		254DA61528BD94CF0041F856 /* Debug */ = {
			isa = XCBuildConfiguration;
			buildSettings = {
				ASSETCATALOG_COMPILER_APPICON_NAME = AppIcon;
				ASSETCATALOG_COMPILER_GLOBAL_ACCENT_COLOR_NAME = AccentColor;
				CODE_SIGN_STYLE = Automatic;
				CURRENT_PROJECT_VERSION = 1;
				DEVELOPMENT_TEAM = RFHV927M8S;
				GENERATE_INFOPLIST_FILE = YES;
				INFOPLIST_FILE = SeSac2Week9/Info.plist;
				INFOPLIST_KEY_UIApplicationSupportsIndirectInputEvents = YES;
				INFOPLIST_KEY_UILaunchStoryboardName = LaunchScreen;
				INFOPLIST_KEY_UIMainStoryboardFile = Main;
				INFOPLIST_KEY_UISupportedInterfaceOrientations_iPad = "UIInterfaceOrientationPortrait UIInterfaceOrientationPortraitUpsideDown UIInterfaceOrientationLandscapeLeft UIInterfaceOrientationLandscapeRight";
				INFOPLIST_KEY_UISupportedInterfaceOrientations_iPhone = "UIInterfaceOrientationPortrait UIInterfaceOrientationLandscapeLeft UIInterfaceOrientationLandscapeRight";
				IPHONEOS_DEPLOYMENT_TARGET = 15.0;
				LD_RUNPATH_SEARCH_PATHS = (
					"$(inherited)",
					"@executable_path/Frameworks",
				);
				MARKETING_VERSION = 1.0;
				PRODUCT_BUNDLE_IDENTIFIER = com.jaehoon.SeSac2Week9;
				PRODUCT_NAME = "$(TARGET_NAME)";
				SWIFT_EMIT_LOC_STRINGS = YES;
				SWIFT_VERSION = 5.0;
				TARGETED_DEVICE_FAMILY = 1;
			};
			name = Debug;
		};
		254DA61628BD94CF0041F856 /* Release */ = {
			isa = XCBuildConfiguration;
			buildSettings = {
				ASSETCATALOG_COMPILER_APPICON_NAME = AppIcon;
				ASSETCATALOG_COMPILER_GLOBAL_ACCENT_COLOR_NAME = AccentColor;
				CODE_SIGN_STYLE = Automatic;
				CURRENT_PROJECT_VERSION = 1;
				DEVELOPMENT_TEAM = RFHV927M8S;
				GENERATE_INFOPLIST_FILE = YES;
				INFOPLIST_FILE = SeSac2Week9/Info.plist;
				INFOPLIST_KEY_UIApplicationSupportsIndirectInputEvents = YES;
				INFOPLIST_KEY_UILaunchStoryboardName = LaunchScreen;
				INFOPLIST_KEY_UIMainStoryboardFile = Main;
				INFOPLIST_KEY_UISupportedInterfaceOrientations_iPad = "UIInterfaceOrientationPortrait UIInterfaceOrientationPortraitUpsideDown UIInterfaceOrientationLandscapeLeft UIInterfaceOrientationLandscapeRight";
				INFOPLIST_KEY_UISupportedInterfaceOrientations_iPhone = "UIInterfaceOrientationPortrait UIInterfaceOrientationLandscapeLeft UIInterfaceOrientationLandscapeRight";
				IPHONEOS_DEPLOYMENT_TARGET = 15.0;
				LD_RUNPATH_SEARCH_PATHS = (
					"$(inherited)",
					"@executable_path/Frameworks",
				);
				MARKETING_VERSION = 1.0;
				PRODUCT_BUNDLE_IDENTIFIER = com.jaehoon.SeSac2Week9;
				PRODUCT_NAME = "$(TARGET_NAME)";
				SWIFT_EMIT_LOC_STRINGS = YES;
				SWIFT_VERSION = 5.0;
				TARGETED_DEVICE_FAMILY = 1;
			};
			name = Release;
		};
/* End XCBuildConfiguration section */

/* Begin XCConfigurationList section */
		254DA5FB28BD94CD0041F856 /* Build configuration list for PBXProject "SeSac2Week9" */ = {
			isa = XCConfigurationList;
			buildConfigurations = (
				254DA61228BD94CF0041F856 /* Debug */,
				254DA61328BD94CF0041F856 /* Release */,
			);
			defaultConfigurationIsVisible = 0;
			defaultConfigurationName = Release;
		};
		254DA61428BD94CF0041F856 /* Build configuration list for PBXNativeTarget "SeSac2Week9" */ = {
			isa = XCConfigurationList;
			buildConfigurations = (
				254DA61528BD94CF0041F856 /* Debug */,
				254DA61628BD94CF0041F856 /* Release */,
			);
			defaultConfigurationIsVisible = 0;
			defaultConfigurationName = Release;
		};
/* End XCConfigurationList section */
	};
	rootObject = 254DA5F828BD94CD0041F856 /* Project object */;
}
